// !$*UTF8*$!
{
	archiveVersion = 1;
	classes = {
	};
	objectVersion = 50;
	objects = {

/* Begin PBXBuildFile section */
		C52C2D48234EB7DE0019E2FB /* AppDelegate.swift in Sources */ = {isa = PBXBuildFile; fileRef = C52C2D47234EB7DE0019E2FB /* AppDelegate.swift */; };
		C52C2D4A234EB7DE0019E2FB /* ContentView.swift in Sources */ = {isa = PBXBuildFile; fileRef = C52C2D49234EB7DE0019E2FB /* ContentView.swift */; };
		C52C2D4C234EB7DF0019E2FB /* Assets.xcassets in Resources */ = {isa = PBXBuildFile; fileRef = C52C2D4B234EB7DF0019E2FB /* Assets.xcassets */; };
		C52C2D4F234EB7DF0019E2FB /* Preview Assets.xcassets in Resources */ = {isa = PBXBuildFile; fileRef = C52C2D4E234EB7DF0019E2FB /* Preview Assets.xcassets */; };
		C52C2D52234EB7DF0019E2FB /* Main.storyboard in Resources */ = {isa = PBXBuildFile; fileRef = C52C2D50234EB7DF0019E2FB /* Main.storyboard */; };
/* End PBXBuildFile section */

/* Begin PBXFileReference section */
		C52C2D44234EB7DD0019E2FB /* Meeting Popup.app */ = {isa = PBXFileReference; explicitFileType = wrapper.application; includeInIndex = 0; path = "Meeting Popup.app"; sourceTree = BUILT_PRODUCTS_DIR; };
		C52C2D47234EB7DE0019E2FB /* AppDelegate.swift */ = {isa = PBXFileReference; lastKnownFileType = sourcecode.swift; path = AppDelegate.swift; sourceTree = "<group>"; };
		C52C2D49234EB7DE0019E2FB /* ContentView.swift */ = {isa = PBXFileReference; lastKnownFileType = sourcecode.swift; path = ContentView.swift; sourceTree = "<group>"; };
		C52C2D4B234EB7DF0019E2FB /* Assets.xcassets */ = {isa = PBXFileReference; lastKnownFileType = folder.assetcatalog; path = Assets.xcassets; sourceTree = "<group>"; };
		C52C2D4E234EB7DF0019E2FB /* Preview Assets.xcassets */ = {isa = PBXFileReference; lastKnownFileType = folder.assetcatalog; path = "Preview Assets.xcassets"; sourceTree = "<group>"; };
		C52C2D51234EB7DF0019E2FB /* Base */ = {isa = PBXFileReference; lastKnownFileType = file.storyboard; name = Base; path = Base.lproj/Main.storyboard; sourceTree = "<group>"; };
		C52C2D53234EB7DF0019E2FB /* Info.plist */ = {isa = PBXFileReference; lastKnownFileType = text.plist.xml; path = Info.plist; sourceTree = "<group>"; };
		C52C2D54234EB7DF0019E2FB /* Meeting_Popup.entitlements */ = {isa = PBXFileReference; lastKnownFileType = text.plist.entitlements; path = Meeting_Popup.entitlements; sourceTree = "<group>"; };
/* End PBXFileReference section */

/* Begin PBXFrameworksBuildPhase section */
		C52C2D41234EB7DD0019E2FB /* Frameworks */ = {
			isa = PBXFrameworksBuildPhase;
			buildActionMask = 2147483647;
			files = (
			);
			runOnlyForDeploymentPostprocessing = 0;
		};
/* End PBXFrameworksBuildPhase section */

/* Begin PBXGroup section */
		C52C2D3B234EB7DD0019E2FB = {
			isa = PBXGroup;
			children = (
				C52C2D46234EB7DD0019E2FB /* Meeting Popup */,
				C52C2D45234EB7DD0019E2FB /* Products */,
			);
			sourceTree = "<group>";
		};
		C52C2D45234EB7DD0019E2FB /* Products */ = {
			isa = PBXGroup;
			children = (
				C52C2D44234EB7DD0019E2FB /* Meeting Popup.app */,
			);
			name = Products;
			sourceTree = "<group>";
		};
		C52C2D46234EB7DD0019E2FB /* Meeting Popup */ = {
			isa = PBXGroup;
			children = (
				C52C2D47234EB7DE0019E2FB /* AppDelegate.swift */,
				C52C2D49234EB7DE0019E2FB /* ContentView.swift */,
				C52C2D4B234EB7DF0019E2FB /* Assets.xcassets */,
				C52C2D50234EB7DF0019E2FB /* Main.storyboard */,
				C52C2D53234EB7DF0019E2FB /* Info.plist */,
				C52C2D54234EB7DF0019E2FB /* Meeting_Popup.entitlements */,
				C52C2D4D234EB7DF0019E2FB /* Preview Content */,
			);
			path = "Meeting Popup";
			sourceTree = "<group>";
		};
		C52C2D4D234EB7DF0019E2FB /* Preview Content */ = {
			isa = PBXGroup;
			children = (
				C52C2D4E234EB7DF0019E2FB /* Preview Assets.xcassets */,
			);
			path = "Preview Content";
			sourceTree = "<group>";
		};
/* End PBXGroup section */

/* Begin PBXNativeTarget section */
		C52C2D43234EB7DD0019E2FB /* Meeting Popup */ = {
			isa = PBXNativeTarget;
			buildConfigurationList = C52C2D57234EB7DF0019E2FB /* Build configuration list for PBXNativeTarget "Meeting Popup" */;
			buildPhases = (
				C52C2D40234EB7DD0019E2FB /* Sources */,
				C52C2D41234EB7DD0019E2FB /* Frameworks */,
				C52C2D42234EB7DD0019E2FB /* Resources */,
			);
			buildRules = (
			);
			dependencies = (
			);
			name = "Meeting Popup";
			productName = "Meeting Popup";
			productReference = C52C2D44234EB7DD0019E2FB /* Meeting Popup.app */;
			productType = "com.apple.product-type.application";
		};
/* End PBXNativeTarget section */

/* Begin PBXProject section */
		C52C2D3C234EB7DD0019E2FB /* Project object */ = {
			isa = PBXProject;
			attributes = {
				LastSwiftUpdateCheck = 1110;
				LastUpgradeCheck = 1110;
				ORGANIZATIONNAME = "Mike Crittenden";
				TargetAttributes = {
					C52C2D43234EB7DD0019E2FB = {
						CreatedOnToolsVersion = 11.1;
					};
				};
			};
			buildConfigurationList = C52C2D3F234EB7DD0019E2FB /* Build configuration list for PBXProject "Meeting Popup" */;
			compatibilityVersion = "Xcode 9.3";
			developmentRegion = en;
			hasScannedForEncodings = 0;
			knownRegions = (
				en,
				Base,
			);
			mainGroup = C52C2D3B234EB7DD0019E2FB;
			productRefGroup = C52C2D45234EB7DD0019E2FB /* Products */;
			projectDirPath = "";
			projectRoot = "";
			targets = (
				C52C2D43234EB7DD0019E2FB /* Meeting Popup */,
			);
		};
/* End PBXProject section */

/* Begin PBXResourcesBuildPhase section */
		C52C2D42234EB7DD0019E2FB /* Resources */ = {
			isa = PBXResourcesBuildPhase;
			buildActionMask = 2147483647;
			files = (
				C52C2D52234EB7DF0019E2FB /* Main.storyboard in Resources */,
				C52C2D4F234EB7DF0019E2FB /* Preview Assets.xcassets in Resources */,
				C52C2D4C234EB7DF0019E2FB /* Assets.xcassets in Resources */,
			);
			runOnlyForDeploymentPostprocessing = 0;
		};
/* End PBXResourcesBuildPhase section */

/* Begin PBXSourcesBuildPhase section */
		C52C2D40234EB7DD0019E2FB /* Sources */ = {
			isa = PBXSourcesBuildPhase;
			buildActionMask = 2147483647;
			files = (
				C52C2D4A234EB7DE0019E2FB /* ContentView.swift in Sources */,
				C52C2D48234EB7DE0019E2FB /* AppDelegate.swift in Sources */,
			);
			runOnlyForDeploymentPostprocessing = 0;
		};
/* End PBXSourcesBuildPhase section */

/* Begin PBXVariantGroup section */
		C52C2D50234EB7DF0019E2FB /* Main.storyboard */ = {
			isa = PBXVariantGroup;
			children = (
				C52C2D51234EB7DF0019E2FB /* Base */,
			);
			name = Main.storyboard;
			sourceTree = "<group>";
		};
/* End PBXVariantGroup section */

/* Begin XCBuildConfiguration section */
		C52C2D55234EB7DF0019E2FB /* Debug */ = {
			isa = XCBuildConfiguration;
			buildSettings = {
				ALWAYS_SEARCH_USER_PATHS = NO;
				CLANG_ANALYZER_NONNULL = YES;
				CLANG_ANALYZER_NUMBER_OBJECT_CONVERSION = YES_AGGRESSIVE;
				CLANG_CXX_LANGUAGE_STANDARD = "gnu++14";
				CLANG_CXX_LIBRARY = "libc++";
				CLANG_ENABLE_MODULES = YES;
				CLANG_ENABLE_OBJC_ARC = YES;
				CLANG_ENABLE_OBJC_WEAK = YES;
				CLANG_WARN_BLOCK_CAPTURE_AUTORELEASING = YES;
				CLANG_WARN_BOOL_CONVERSION = YES;
				CLANG_WARN_COMMA = YES;
				CLANG_WARN_CONSTANT_CONVERSION = YES;
				CLANG_WARN_DEPRECATED_OBJC_IMPLEMENTATIONS = YES;
				CLANG_WARN_DIRECT_OBJC_ISA_USAGE = YES_ERROR;
				CLANG_WARN_DOCUMENTATION_COMMENTS = YES;
				CLANG_WARN_EMPTY_BODY = YES;
				CLANG_WARN_ENUM_CONVERSION = YES;
				CLANG_WARN_INFINITE_RECURSION = YES;
				CLANG_WARN_INT_CONVERSION = YES;
				CLANG_WARN_NON_LITERAL_NULL_CONVERSION = YES;
				CLANG_WARN_OBJC_IMPLICIT_RETAIN_SELF = YES;
				CLANG_WARN_OBJC_LITERAL_CONVERSION = YES;
				CLANG_WARN_OBJC_ROOT_CLASS = YES_ERROR;
				CLANG_WARN_RANGE_LOOP_ANALYSIS = YES;
				CLANG_WARN_STRICT_PROTOTYPES = YES;
				CLANG_WARN_SUSPICIOUS_MOVE = YES;
				CLANG_WARN_UNGUARDED_AVAILABILITY = YES_AGGRESSIVE;
				CLANG_WARN_UNREACHABLE_CODE = YES;
				CLANG_WARN__DUPLICATE_METHOD_MATCH = YES;
				COPY_PHASE_STRIP = NO;
				DEBUG_INFORMATION_FORMAT = dwarf;
				ENABLE_STRICT_OBJC_MSGSEND = YES;
				ENABLE_TESTABILITY = YES;
				GCC_C_LANGUAGE_STANDARD = gnu11;
				GCC_DYNAMIC_NO_PIC = NO;
				GCC_NO_COMMON_BLOCKS = YES;
				GCC_OPTIMIZATION_LEVEL = 0;
				GCC_PREPROCESSOR_DEFINITIONS = (
					"DEBUG=1",
					"$(inherited)",
				);
				GCC_WARN_64_TO_32_BIT_CONVERSION = YES;
				GCC_WARN_ABOUT_RETURN_TYPE = YES_ERROR;
				GCC_WARN_UNDECLARED_SELECTOR = YES;
				GCC_WARN_UNINITIALIZED_AUTOS = YES_AGGRESSIVE;
				GCC_WARN_UNUSED_FUNCTION = YES;
				GCC_WARN_UNUSED_VARIABLE = YES;
				MACOSX_DEPLOYMENT_TARGET = 10.15;
				MTL_ENABLE_DEBUG_INFO = INCLUDE_SOURCE;
				MTL_FAST_MATH = YES;
				ONLY_ACTIVE_ARCH = YES;
				SDKROOT = macosx;
				SWIFT_ACTIVE_COMPILATION_CONDITIONS = DEBUG;
				SWIFT_OPTIMIZATION_LEVEL = "-Onone";
			};
			name = Debug;
		};
		C52C2D56234EB7DF0019E2FB /* Release */ = {
			isa = XCBuildConfiguration;
			buildSettings = {
				ALWAYS_SEARCH_USER_PATHS = NO;
				CLANG_ANALYZER_NONNULL = YES;
				CLANG_ANALYZER_NUMBER_OBJECT_CONVERSION = YES_AGGRESSIVE;
				CLANG_CXX_LANGUAGE_STANDARD = "gnu++14";
				CLANG_CXX_LIBRARY = "libc++";
				CLANG_ENABLE_MODULES = YES;
				CLANG_ENABLE_OBJC_ARC = YES;
				CLANG_ENABLE_OBJC_WEAK = YES;
				CLANG_WARN_BLOCK_CAPTURE_AUTORELEASING = YES;
				CLANG_WARN_BOOL_CONVERSION = YES;
				CLANG_WARN_COMMA = YES;
				CLANG_WARN_CONSTANT_CONVERSION = YES;
				CLANG_WARN_DEPRECATED_OBJC_IMPLEMENTATIONS = YES;
				CLANG_WARN_DIRECT_OBJC_ISA_USAGE = YES_ERROR;
				CLANG_WARN_DOCUMENTATION_COMMENTS = YES;
				CLANG_WARN_EMPTY_BODY = YES;
				CLANG_WARN_ENUM_CONVERSION = YES;
				CLANG_WARN_INFINITE_RECURSION = YES;
				CLANG_WARN_INT_CONVERSION = YES;
				CLANG_WARN_NON_LITERAL_NULL_CONVERSION = YES;
				CLANG_WARN_OBJC_IMPLICIT_RETAIN_SELF = YES;
				CLANG_WARN_OBJC_LITERAL_CONVERSION = YES;
				CLANG_WARN_OBJC_ROOT_CLASS = YES_ERROR;
				CLANG_WARN_RANGE_LOOP_ANALYSIS = YES;
				CLANG_WARN_STRICT_PROTOTYPES = YES;
				CLANG_WARN_SUSPICIOUS_MOVE = YES;
				CLANG_WARN_UNGUARDED_AVAILABILITY = YES_AGGRESSIVE;
				CLANG_WARN_UNREACHABLE_CODE = YES;
				CLANG_WARN__DUPLICATE_METHOD_MATCH = YES;
				COPY_PHASE_STRIP = NO;
				DEBUG_INFORMATION_FORMAT = "dwarf-with-dsym";
				ENABLE_NS_ASSERTIONS = NO;
				ENABLE_STRICT_OBJC_MSGSEND = YES;
				GCC_C_LANGUAGE_STANDARD = gnu11;
				GCC_NO_COMMON_BLOCKS = YES;
				GCC_WARN_64_TO_32_BIT_CONVERSION = YES;
				GCC_WARN_ABOUT_RETURN_TYPE = YES_ERROR;
				GCC_WARN_UNDECLARED_SELECTOR = YES;
				GCC_WARN_UNINITIALIZED_AUTOS = YES_AGGRESSIVE;
				GCC_WARN_UNUSED_FUNCTION = YES;
				GCC_WARN_UNUSED_VARIABLE = YES;
				MACOSX_DEPLOYMENT_TARGET = 10.15;
				MTL_ENABLE_DEBUG_INFO = NO;
				MTL_FAST_MATH = YES;
				SDKROOT = macosx;
				SWIFT_COMPILATION_MODE = wholemodule;
				SWIFT_OPTIMIZATION_LEVEL = "-O";
			};
			name = Release;
		};
		C52C2D58234EB7DF0019E2FB /* Debug */ = {
			isa = XCBuildConfiguration;
			buildSettings = {
				ASSETCATALOG_COMPILER_APPICON_NAME = AppIcon;
				CODE_SIGN_ENTITLEMENTS = "Meeting Popup/Meeting_Popup.entitlements";
				CODE_SIGN_STYLE = Automatic;
				COMBINE_HIDPI_IMAGES = YES;
				DEVELOPMENT_ASSET_PATHS = "\"Meeting Popup/Preview Content\"";
				ENABLE_PREVIEWS = YES;
				INFOPLIST_FILE = "Meeting Popup/Info.plist";
				LD_RUNPATH_SEARCH_PATHS = (
					"$(inherited)",
					"@executable_path/../Frameworks",
				);
				MACOSX_DEPLOYMENT_TARGET = 10.15;
				PRODUCT_BUNDLE_IDENTIFIER = "com.mikecrittenden.Meeting-Popup";
				PRODUCT_NAME = "$(TARGET_NAME)";
				SWIFT_VERSION = 5.0;
			};
			name = Debug;
		};
		C52C2D59234EB7DF0019E2FB /* Release */ = {
			isa = XCBuildConfiguration;
			buildSettings = {
				ASSETCATALOG_COMPILER_APPICON_NAME = AppIcon;
				CODE_SIGN_ENTITLEMENTS = "Meeting Popup/Meeting_Popup.entitlements";
				CODE_SIGN_STYLE = Automatic;
				COMBINE_HIDPI_IMAGES = YES;
				DEVELOPMENT_ASSET_PATHS = "\"Meeting Popup/Preview Content\"";
				ENABLE_PREVIEWS = YES;
				INFOPLIST_FILE = "Meeting Popup/Info.plist";
				LD_RUNPATH_SEARCH_PATHS = (
					"$(inherited)",
					"@executable_path/../Frameworks",
				);
				MACOSX_DEPLOYMENT_TARGET = 10.15;
				PRODUCT_BUNDLE_IDENTIFIER = "com.mikecrittenden.Meeting-Popup";
				PRODUCT_NAME = "$(TARGET_NAME)";
				SWIFT_VERSION = 5.0;
			};
			name = Release;
		};
/* End XCBuildConfiguration section */

/* Begin XCConfigurationList section */
		C52C2D3F234EB7DD0019E2FB /* Build configuration list for PBXProject "Meeting Popup" */ = {
			isa = XCConfigurationList;
			buildConfigurations = (
				C52C2D55234EB7DF0019E2FB /* Debug */,
				C52C2D56234EB7DF0019E2FB /* Release */,
			);
			defaultConfigurationIsVisible = 0;
			defaultConfigurationName = Release;
		};
		C52C2D57234EB7DF0019E2FB /* Build configuration list for PBXNativeTarget "Meeting Popup" */ = {
			isa = XCConfigurationList;
			buildConfigurations = (
				C52C2D58234EB7DF0019E2FB /* Debug */,
				C52C2D59234EB7DF0019E2FB /* Release */,
			);
			defaultConfigurationIsVisible = 0;
			defaultConfigurationName = Release;
		};
/* End XCConfigurationList section */
	};
	rootObject = C52C2D3C234EB7DD0019E2FB /* Project object */;
}
